
Microsoft Visual Studio Solution File, Format Version 12.00
# Visual Studio Version 17
VisualStudioVersion = 17.14.37516.0 d17.14
MinimumVisualStudioVersion = 10.0.40219.1
Project("{FAE04EC0-301F-11D3-BF4B-00C04F79EFBC}") = "aplicaciones_libreria", "aplicaciones_libreria\aplicaciones_libreria.csproj", "{5D51F1E8-AE6A-417F-902C-F5ACD3DFA5C8}"
EndProject
Project("{FAE04EC0-301F-11D3-BF4B-00C04F79EFBC}") = "presentacion_consola", "presentacion_consola\presentacion_consola.csproj", "{CC87BE5F-6878-4602-AB39-F2FEF909321D}"
EndProject
Project("{FAE04EC0-301F-11D3-BF4B-00C04F79EFBC}") = "presentacion_pruebas", "presentacion_pruebas\presentacion_pruebas.csproj", "{285EE6D4-692A-416C-BC9A-129DB117E977}"
EndProject
Global
	GlobalSection(SolutionConfigurationPlatforms) = preSolution
		Debug|Any CPU = Debug|Any CPU
		Release|Any CPU = Release|Any CPU
	EndGlobalSection
	GlobalSection(ProjectConfigurationPlatforms) = postSolution
		{5D51F1E8-AE6A-417F-902C-F5ACD3DFA5C8}.Debug|Any CPU.ActiveCfg = Debug|Any CPU
		{5D51F1E8-AE6A-417F-902C-F5ACD3DFA5C8}.Debug|Any CPU.Build.0 = Debug|Any CPU
		{5D51F1E8-AE6A-417F-902C-F5ACD3DFA5C8}.Release|Any CPU.ActiveCfg = Release|Any CPU
		{5D51F1E8-AE6A-417F-902C-F5ACD3DFA5C8}.Release|Any CPU.Build.0 = Release|Any CPU
		{CC87BE5F-6878-4602-AB39-F2FEF909321D}.Debug|Any CPU.ActiveCfg = Debug|Any CPU
		{CC87BE5F-6878-4602-AB39-F2FEF909321D}.Debug|Any CPU.Build.0 = Debug|Any CPU
		{CC87BE5F-6878-4602-AB39-F2FEF909321D}.Release|Any CPU.ActiveCfg = Release|Any CPU
		{CC87BE5F-6878-4602-AB39-F2FEF909321D}.Release|Any CPU.Build.0 = Release|Any CPU
		{285EE6D4-692A-416C-BC9A-129DB117E977}.Debug|Any CPU.ActiveCfg = Debug|Any CPU
		{285EE6D4-692A-416C-BC9A-129DB117E977}.Debug|Any CPU.Build.0 = Debug|Any CPU
		{285EE6D4-692A-416C-BC9A-129DB117E977}.Release|Any CPU.ActiveCfg = Release|Any CPU
		{285EE6D4-692A-416C-BC9A-129DB117E977}.Release|Any CPU.Build.0 = Release|Any CPU
	EndGlobalSection
	GlobalSection(SolutionProperties) = preSolution
		HideSolutionNode = FALSE
	EndGlobalSection
	GlobalSection(ExtensibilityGlobals) = postSolution
		SolutionGuid = {731841A4-2051-4C15-946C-5FA4BC244A4D}
	EndGlobalSection
EndGlobal
